
Microsoft Visual Studio Solution File, Format Version 12.00
# Visual Studio Version 16
VisualStudioVersion = 25.0.1706.4
MinimumVisualStudioVersion = 10.0.40219.1
Project("{FAE04EC0-301F-11D3-BF4B-00C04F79EFBC}") = "NetworkController", "NetworkController\NetworkController.csproj", "{67784181-6A94-4210-B6E5-34A712CF5C51}"
EndProject
Project("{FAE04EC0-301F-11D3-BF4B-00C04F79EFBC}") = "NetworkTests", "NetworkTests\NetworkTests.csproj", "{17D82559-698C-44AF-8C48-DA1FC3969B54}"
EndProject
Project("{FAE04EC0-301F-11D3-BF4B-00C04F79EFBC}") = "NetworkTestHelper", "NetworkTestHelper\NetworkTestHelper.csproj", "{F333F6C3-F6A8-4970-A503-99A42FB9D8A4}"
EndProject
Global
	GlobalSection(SolutionConfigurationPlatforms) = preSolution
		Debug|Any CPU = Debug|Any CPU
		Release|Any CPU = Release|Any CPU
	EndGlobalSection
	GlobalSection(ProjectConfigurationPlatforms) = postSolution
		{67784181-6A94-4210-B6E5-34A712CF5C51}.Debug|Any CPU.ActiveCfg = Debug|Any CPU
		{67784181-6A94-4210-B6E5-34A712CF5C51}.Debug|Any CPU.Build.0 = Debug|Any CPU
		{67784181-6A94-4210-B6E5-34A712CF5C51}.Release|Any CPU.ActiveCfg = Release|Any CPU
		{67784181-6A94-4210-B6E5-34A712CF5C51}.Release|Any CPU.Build.0 = Release|Any CPU
		{17D82559-698C-44AF-8C48-DA1FC3969B54}.Debug|Any CPU.ActiveCfg = Debug|Any CPU
		{17D82559-698C-44AF-8C48-DA1FC3969B54}.Debug|Any CPU.Build.0 = Debug|Any CPU
		{17D82559-698C-44AF-8C48-DA1FC3969B54}.Release|Any CPU.ActiveCfg = Release|Any CPU
		{17D82559-698C-44AF-8C48-DA1FC3969B54}.Release|Any CPU.Build.0 = Release|Any CPU
		{F333F6C3-F6A8-4970-A503-99A42FB9D8A4}.Debug|Any CPU.ActiveCfg = Debug|Any CPU
		{F333F6C3-F6A8-4970-A503-99A42FB9D8A4}.Debug|Any CPU.Build.0 = Debug|Any CPU
		{F333F6C3-F6A8-4970-A503-99A42FB9D8A4}.Release|Any CPU.ActiveCfg = Release|Any CPU
		{F333F6C3-F6A8-4970-A503-99A42FB9D8A4}.Release|Any CPU.Build.0 = Release|Any CPU
	EndGlobalSection
	GlobalSection(SolutionProperties) = preSolution
		HideSolutionNode = FALSE
	EndGlobalSection
	GlobalSection(ExtensibilityGlobals) = postSolution
		SolutionGuid = {7493D6C1-B46F-493E-BE57-CD436E4CD9A5}
	EndGlobalSection
EndGlobal
